<?xml version="1.0" encoding="utf-8"?>
<Project ToolsVersion="4.0" xmlns="http://schemas.microsoft.com/developer/msbuild/2003">
  <ItemGroup>
    <Filter Include="Source Files">
      <UniqueIdentifier>{4FC737F1-C7A5-4376-A066-2A32D752A2FF}</UniqueIdentifier>
      <Extensions>cpp;c;cc;cxx;c++;cppm;ixx;def;odl;idl;hpj;bat;asm;asmx</Extensions>
    </Filter>
    <Filter Include="External Files">
      <UniqueIdentifier>{9669752e-82a6-42c0-b439-87b5afdfe11a}</UniqueIdentifier>
    </Filter>
    <Filter Include="Shared Files">
      <UniqueIdentifier>{20153e80-113f-4324-9e97-9049e2b19999}</UniqueIdentifier>
    </Filter>
  </ItemGroup>
  <ItemGroup>
    <ClCompile Include="Main.cpp">
      <Filter>Source Files</Filter>
    </ClCompile>
    <ClCompile Include="Telemetry.cpp">
      <Filter>Source Files</Filter>
    </ClCompile>
    <ClCompile Include="..\..\Shared\Log.cpp">
      <Filter>Shared Files</Filter>
    </ClCompile>
    <ClCompile Include="..\..\Shared\StringHelper.cpp">
      <Filter>Shared Files</Filter>
    </ClCompile>
  </ItemGroup>
  <ItemGroup>
    <ClInclude Include="Telemetry.h">
      <Filter>Source Files</Filter>
    </ClInclude>
    <ClInclude Include="..\..\Shared\Log.h">
      <Filter>Shared Files</Filter>
    </ClInclude>
    <ClInclude Include="..\..\Shared\PluginInterface.h">
      <Filter>Shared Files</Filter>
    </ClInclude>
    <ClInclude Include="..\..\Shared\StringHelper.h">
      <Filter>Shared Files</Filter>
    </ClInclude>
  </ItemGroup>
</Project>