<?xml version="1.0" encoding="utf-8"?>
<Project ToolsVersion="4.0" xmlns="http://schemas.microsoft.com/developer/msbuild/2003">
  <ItemGroup>
    <Filter Include="Source Files">
      <UniqueIdentifier>{4FC737F1-C7A5-4376-A066-2A32D752A2FF}</UniqueIdentifier>
      <Extensions>cpp;c;cc;cxx;c++;cppm;ixx;def;odl;idl;hpj;bat;asm;asmx</Extensions>
    </Filter>
    <Filter Include="Resource Files">
      <UniqueIdentifier>{67DA6AB6-F800-4c08-8B7A-83BB121AAD01}</UniqueIdentifier>
      <Extensions>rc;ico;cur;bmp;dlg;rc2;rct;bin;rgs;gif;jpg;jpeg;jpe;resx;tiff;tif;png;wav;mfcribbon-ms</Extensions>
    </Filter>
    <Filter Include="External Files">
      <UniqueIdentifier>{2b532246-6603-49e8-a7f7-f772acf89917}</UniqueIdentifier>
    </Filter>
    <Filter Include="Shared Files">
      <UniqueIdentifier>{2649079a-2fa5-438e-b998-07fec07070fd}</UniqueIdentifier>
    </Filter>
    <Filter Include="External Files\cinsim">
      <UniqueIdentifier>{bb578225-a8a2-4858-b5eb-46f1c0188a4b}</UniqueIdentifier>
    </Filter>
  </ItemGroup>
  <ItemGroup>
    <ClCompile Include="..\..\Shared\Log.cpp">
      <Filter>Shared Files</Filter>
    </ClCompile>
    <ClCompile Include="..\..\Shared\StringHelper.cpp">
      <Filter>Shared Files</Filter>
    </ClCompile>
    <ClCompile Include="..\..\..\External\cinsim\CInsim.cpp">
      <Filter>External Files\cinsim</Filter>
    </ClCompile>
    <ClCompile Include="Main.cpp">
      <Filter>Source Files</Filter>
    </ClCompile>
    <ClCompile Include="Telemetry.cpp">
      <Filter>Source Files</Filter>
    </ClCompile>
  </ItemGroup>
  <ItemGroup>
    <ClInclude Include="..\..\Shared\Log.h">
      <Filter>Shared Files</Filter>
    </ClInclude>
    <ClInclude Include="..\..\Shared\PluginInterface.h">
      <Filter>Shared Files</Filter>
    </ClInclude>
    <ClInclude Include="..\..\Shared\StringHelper.h">
      <Filter>Shared Files</Filter>
    </ClInclude>
    <ClInclude Include="..\..\..\External\cinsim\CInsim.h">
      <Filter>External Files\cinsim</Filter>
    </ClInclude>
    <ClInclude Include="..\..\..\External\cinsim\insim.h">
      <Filter>External Files\cinsim</Filter>
    </ClInclude>
    <ClInclude Include="..\..\..\External\cinsim\OutSimPack.h">
      <Filter>External Files\cinsim</Filter>
    </ClInclude>
    <ClInclude Include="Telemetry.h">
      <Filter>Source Files</Filter>
    </ClInclude>
    <ClInclude Include="..\..\Shared\Defines.h">
      <Filter>Shared Files</Filter>
    </ClInclude>
    <ClInclude Include="Libraries.h">
      <Filter>Source Files</Filter>
    </ClInclude>
  </ItemGroup>
</Project>