
Microsoft Visual Studio Solution File, Format Version 12.00
# Visual Studio Version 17
VisualStudioVersion = 17.6.33723.286
MinimumVisualStudioVersion = 10.0.40219.1
Project("{8BC9CEB8-8B4A-11D0-8D11-00A0C91BC942}") = "SliProSuperPro", "Source\SliProSuperPro\SliProSuperPro.vcxproj", "{1F27FB11-A49F-4028-B7E6-EFA2929EB07E}"
EndProject
Project("{8BC9CEB8-8B4A-11D0-8D11-00A0C91BC942}") = "iRacing.Plugin", "Source\Plugins\iRacing.Plugin\iRacing.Plugin.vcxproj", "{D79AE91B-6AAD-4734-8E4D-231C81552A1A}"
EndProject
Global
	GlobalSection(SolutionConfigurationPlatforms) = preSolution
		Debug|x64 = Debug|x64
		Debug|x86 = Debug|x86
		Release|x64 = Release|x64
		Release|x86 = Release|x86
	EndGlobalSection
	GlobalSection(ProjectConfigurationPlatforms) = postSolution
		{1F27FB11-A49F-4028-B7E6-EFA2929EB07E}.Debug|x64.ActiveCfg = Debug|x64
		{1F27FB11-A49F-4028-B7E6-EFA2929EB07E}.Debug|x64.Build.0 = Debug|x64
		{1F27FB11-A49F-4028-B7E6-EFA2929EB07E}.Debug|x86.ActiveCfg = Debug|Win32
		{1F27FB11-A49F-4028-B7E6-EFA2929EB07E}.Debug|x86.Build.0 = Debug|Win32
		{1F27FB11-A49F-4028-B7E6-EFA2929EB07E}.Release|x64.ActiveCfg = Release|x64
		{1F27FB11-A49F-4028-B7E6-EFA2929EB07E}.Release|x64.Build.0 = Release|x64
		{1F27FB11-A49F-4028-B7E6-EFA2929EB07E}.Release|x86.ActiveCfg = Release|Win32
		{1F27FB11-A49F-4028-B7E6-EFA2929EB07E}.Release|x86.Build.0 = Release|Win32
		{D79AE91B-6AAD-4734-8E4D-231C81552A1A}.Debug|x64.ActiveCfg = Debug|x64
		{D79AE91B-6AAD-4734-8E4D-231C81552A1A}.Debug|x64.Build.0 = Debug|x64
		{D79AE91B-6AAD-4734-8E4D-231C81552A1A}.Debug|x86.ActiveCfg = Debug|Win32
		{D79AE91B-6AAD-4734-8E4D-231C81552A1A}.Debug|x86.Build.0 = Debug|Win32
		{D79AE91B-6AAD-4734-8E4D-231C81552A1A}.Release|x64.ActiveCfg = Release|x64
		{D79AE91B-6AAD-4734-8E4D-231C81552A1A}.Release|x64.Build.0 = Release|x64
		{D79AE91B-6AAD-4734-8E4D-231C81552A1A}.Release|x86.ActiveCfg = Release|Win32
		{D79AE91B-6AAD-4734-8E4D-231C81552A1A}.Release|x86.Build.0 = Release|Win32
	EndGlobalSection
	GlobalSection(SolutionProperties) = preSolution
		HideSolutionNode = FALSE
	EndGlobalSection
	GlobalSection(ExtensibilityGlobals) = postSolution
		SolutionGuid = {55198BE3-8472-4A7E-849E-6533CEF04300}
	EndGlobalSection
EndGlobal
