
Microsoft Visual Studio Solution File, Format Version 12.00
# Visual Studio Version 17
VisualStudioVersion = 17.6.33723.286
MinimumVisualStudioVersion = 10.0.40219.1
Project("{8BC9CEB8-8B4A-11D0-8D11-00A0C91BC942}") = "SliProSuperPro", "Source\SliProSuperPro\SliProSuperPro.vcxproj", "{1F27FB11-A49F-4028-B7E6-EFA2929EB07E}"
EndProject
Project("{8BC9CEB8-8B4A-11D0-8D11-00A0C91BC942}") = "iRacing.Plugin", "Source\Plugins\iRacing.Plugin\iRacing.Plugin.vcxproj", "{D79AE91B-6AAD-4734-8E4D-231C81552A1A}"
EndProject
Project("{8BC9CEB8-8B4A-11D0-8D11-00A0C91BC942}") = "RBR-NGP.Plugin", "Source\Plugins\RBR-NGP.Plugin\RBR-NGP.Plugin.vcxproj", "{7639B29D-6381-42CC-A61F-B7E18F3EBF07}"
EndProject
Project("{8BC9CEB8-8B4A-11D0-8D11-00A0C91BC942}") = "ATS.Plugin", "Source\Plugins\ATS.Plugin\ATS.Plugin.vcxproj", "{31DD9BD4-B455-4709-9312-36362CF6BCF3}"
EndProject
Project("{8BC9CEB8-8B4A-11D0-8D11-00A0C91BC942}") = "SPSP.ATS.Plugin", "Source\Plugins\SPSP.ATS.Plugin\SPSP.ATS.Plugin.vcxproj", "{EE4D90E8-513F-4AF3-9358-CEF90E9A86DE}"
EndProject
Project("{8BC9CEB8-8B4A-11D0-8D11-00A0C91BC942}") = "LiveForSpeed.Plugin", "Source\Plugins\LiveForSpeed.Plugin\LiveForSpeed.Plugin.vcxproj", "{140E9275-0912-4E21-92D7-58D47CB4C3DC}"
EndProject
Project("{8BC9CEB8-8B4A-11D0-8D11-00A0C91BC942}") = "ACR.Plugin", "Source\Plugins\ACR.Plugin\ACR.Plugin.vcxproj", "{14F27F45-9CC3-4966-B5C9-97F387852200}"
EndProject
Project("{8BC9CEB8-8B4A-11D0-8D11-00A0C91BC942}") = "ACC.Plugin", "Source\Plugins\ACC.Plugin\ACC.Plugin.vcxproj", "{33CCC14A-018E-4005-BA3B-9565C4D83CC3}"
EndProject
Global
	GlobalSection(SolutionConfigurationPlatforms) = preSolution
		Debug|x64 = Debug|x64
		Debug|x86 = Debug|x86
		Release|x64 = Release|x64
		Release|x86 = Release|x86
	EndGlobalSection
	GlobalSection(ProjectConfigurationPlatforms) = postSolution
		{1F27FB11-A49F-4028-B7E6-EFA2929EB07E}.Debug|x64.ActiveCfg = Debug|x64
		{1F27FB11-A49F-4028-B7E6-EFA2929EB07E}.Debug|x64.Build.0 = Debug|x64
		{1F27FB11-A49F-4028-B7E6-EFA2929EB07E}.Debug|x86.ActiveCfg = Debug|Win32
		{1F27FB11-A49F-4028-B7E6-EFA2929EB07E}.Debug|x86.Build.0 = Debug|Win32
		{1F27FB11-A49F-4028-B7E6-EFA2929EB07E}.Release|x64.ActiveCfg = Release|x64
		{1F27FB11-A49F-4028-B7E6-EFA2929EB07E}.Release|x64.Build.0 = Release|x64
		{1F27FB11-A49F-4028-B7E6-EFA2929EB07E}.Release|x86.ActiveCfg = Release|Win32
		{1F27FB11-A49F-4028-B7E6-EFA2929EB07E}.Release|x86.Build.0 = Release|Win32
		{D79AE91B-6AAD-4734-8E4D-231C81552A1A}.Debug|x64.ActiveCfg = Debug|x64
		{D79AE91B-6AAD-4734-8E4D-231C81552A1A}.Debug|x64.Build.0 = Debug|x64
		{D79AE91B-6AAD-4734-8E4D-231C81552A1A}.Debug|x86.ActiveCfg = Debug|Win32
		{D79AE91B-6AAD-4734-8E4D-231C81552A1A}.Debug|x86.Build.0 = Debug|Win32
		{D79AE91B-6AAD-4734-8E4D-231C81552A1A}.Release|x64.ActiveCfg = Release|x64
		{D79AE91B-6AAD-4734-8E4D-231C81552A1A}.Release|x64.Build.0 = Release|x64
		{D79AE91B-6AAD-4734-8E4D-231C81552A1A}.Release|x86.ActiveCfg = Release|Win32
		{D79AE91B-6AAD-4734-8E4D-231C81552A1A}.Release|x86.Build.0 = Release|Win32
		{7639B29D-6381-42CC-A61F-B7E18F3EBF07}.Debug|x64.ActiveCfg = Debug|x64
		{7639B29D-6381-42CC-A61F-B7E18F3EBF07}.Debug|x64.Build.0 = Debug|x64
		{7639B29D-6381-42CC-A61F-B7E18F3EBF07}.Debug|x86.ActiveCfg = Debug|Win32
		{7639B29D-6381-42CC-A61F-B7E18F3EBF07}.Debug|x86.Build.0 = Debug|Win32
		{7639B29D-6381-42CC-A61F-B7E18F3EBF07}.Release|x64.ActiveCfg = Release|x64
		{7639B29D-6381-42CC-A61F-B7E18F3EBF07}.Release|x64.Build.0 = Release|x64
		{7639B29D-6381-42CC-A61F-B7E18F3EBF07}.Release|x86.ActiveCfg = Release|Win32
		{7639B29D-6381-42CC-A61F-B7E18F3EBF07}.Release|x86.Build.0 = Release|Win32
		{31DD9BD4-B455-4709-9312-36362CF6BCF3}.Debug|x64.ActiveCfg = Debug|x64
		{31DD9BD4-B455-4709-9312-36362CF6BCF3}.Debug|x64.Build.0 = Debug|x64
		{31DD9BD4-B455-4709-9312-36362CF6BCF3}.Debug|x86.ActiveCfg = Debug|Win32
		{31DD9BD4-B455-4709-9312-36362CF6BCF3}.Debug|x86.Build.0 = Debug|Win32
		{31DD9BD4-B455-4709-9312-36362CF6BCF3}.Release|x64.ActiveCfg = Release|x64
		{31DD9BD4-B455-4709-9312-36362CF6BCF3}.Release|x64.Build.0 = Release|x64
		{31DD9BD4-B455-4709-9312-36362CF6BCF3}.Release|x86.ActiveCfg = Release|Win32
		{31DD9BD4-B455-4709-9312-36362CF6BCF3}.Release|x86.Build.0 = Release|Win32
		{EE4D90E8-513F-4AF3-9358-CEF90E9A86DE}.Debug|x64.ActiveCfg = Debug|x64
		{EE4D90E8-513F-4AF3-9358-CEF90E9A86DE}.Debug|x64.Build.0 = Debug|x64
		{EE4D90E8-513F-4AF3-9358-CEF90E9A86DE}.Debug|x86.ActiveCfg = Debug|Win32
		{EE4D90E8-513F-4AF3-9358-CEF90E9A86DE}.Debug|x86.Build.0 = Debug|Win32
		{EE4D90E8-513F-4AF3-9358-CEF90E9A86DE}.Release|x64.ActiveCfg = Release|x64
		{EE4D90E8-513F-4AF3-9358-CEF90E9A86DE}.Release|x64.Build.0 = Release|x64
		{EE4D90E8-513F-4AF3-9358-CEF90E9A86DE}.Release|x86.ActiveCfg = Release|Win32
		{EE4D90E8-513F-4AF3-9358-CEF90E9A86DE}.Release|x86.Build.0 = Release|Win32
		{140E9275-0912-4E21-92D7-58D47CB4C3DC}.Debug|x64.ActiveCfg = Debug|x64
		{140E9275-0912-4E21-92D7-58D47CB4C3DC}.Debug|x64.Build.0 = Debug|x64
		{140E9275-0912-4E21-92D7-58D47CB4C3DC}.Debug|x86.ActiveCfg = Debug|Win32
		{140E9275-0912-4E21-92D7-58D47CB4C3DC}.Debug|x86.Build.0 = Debug|Win32
		{140E9275-0912-4E21-92D7-58D47CB4C3DC}.Release|x64.ActiveCfg = Release|x64
		{140E9275-0912-4E21-92D7-58D47CB4C3DC}.Release|x64.Build.0 = Release|x64
		{140E9275-0912-4E21-92D7-58D47CB4C3DC}.Release|x86.ActiveCfg = Release|Win32
		{140E9275-0912-4E21-92D7-58D47CB4C3DC}.Release|x86.Build.0 = Release|Win32
		{14F27F45-9CC3-4966-B5C9-97F387852200}.Debug|x64.ActiveCfg = Debug|x64
		{14F27F45-9CC3-4966-B5C9-97F387852200}.Debug|x64.Build.0 = Debug|x64
		{14F27F45-9CC3-4966-B5C9-97F387852200}.Debug|x86.ActiveCfg = Debug|Win32
		{14F27F45-9CC3-4966-B5C9-97F387852200}.Debug|x86.Build.0 = Debug|Win32
		{14F27F45-9CC3-4966-B5C9-97F387852200}.Release|x64.ActiveCfg = Release|x64
		{14F27F45-9CC3-4966-B5C9-97F387852200}.Release|x64.Build.0 = Release|x64
		{14F27F45-9CC3-4966-B5C9-97F387852200}.Release|x86.ActiveCfg = Release|Win32
		{14F27F45-9CC3-4966-B5C9-97F387852200}.Release|x86.Build.0 = Release|Win32
		{33CCC14A-018E-4005-BA3B-9565C4D83CC3}.Debug|x64.ActiveCfg = Debug|x64
		{33CCC14A-018E-4005-BA3B-9565C4D83CC3}.Debug|x64.Build.0 = Debug|x64
		{33CCC14A-018E-4005-BA3B-9565C4D83CC3}.Debug|x86.ActiveCfg = Debug|Win32
		{33CCC14A-018E-4005-BA3B-9565C4D83CC3}.Debug|x86.Build.0 = Debug|Win32
		{33CCC14A-018E-4005-BA3B-9565C4D83CC3}.Release|x64.ActiveCfg = Release|x64
		{33CCC14A-018E-4005-BA3B-9565C4D83CC3}.Release|x64.Build.0 = Release|x64
		{33CCC14A-018E-4005-BA3B-9565C4D83CC3}.Release|x86.ActiveCfg = Release|Win32
		{33CCC14A-018E-4005-BA3B-9565C4D83CC3}.Release|x86.Build.0 = Release|Win32
	EndGlobalSection
	GlobalSection(SolutionProperties) = preSolution
		HideSolutionNode = FALSE
	EndGlobalSection
	GlobalSection(ExtensibilityGlobals) = postSolution
		SolutionGuid = {55198BE3-8472-4A7E-849E-6533CEF04300}
	EndGlobalSection
EndGlobal
