<?xml version="1.0" encoding="utf-8"?>
<Project ToolsVersion="4.0" xmlns="http://schemas.microsoft.com/developer/msbuild/2003">
  <ItemGroup>
    <Filter Include="Source Files">
      <UniqueIdentifier>{4FC737F1-C7A5-4376-A066-2A32D752A2FF}</UniqueIdentifier>
      <Extensions>cpp;c;cc;cxx;c++;cppm;ixx;def;odl;idl;hpj;bat;asm;asmx</Extensions>
    </Filter>
    <Filter Include="Resource Files">
      <UniqueIdentifier>{67DA6AB6-F800-4c08-8B7A-83BB121AAD01}</UniqueIdentifier>
      <Extensions>rc;ico;cur;bmp;dlg;rc2;rct;bin;rgs;gif;jpg;jpeg;jpe;resx;tiff;tif;png;wav;mfcribbon-ms</Extensions>
    </Filter>
    <Filter Include="External Files">
      <UniqueIdentifier>{88925024-9053-4cb9-a207-e17e4d94e5c2}</UniqueIdentifier>
    </Filter>
    <Filter Include="Shared Files">
      <UniqueIdentifier>{3721a8ed-4e68-4718-93cd-e2ba444ffbb8}</UniqueIdentifier>
    </Filter>
  </ItemGroup>
  <ItemGroup>
    <ClCompile Include="Main.cpp">
      <Filter>Source Files</Filter>
    </ClCompile>
    <ClCompile Include="Telemetry.cpp">
      <Filter>Source Files</Filter>
    </ClCompile>
    <ClCompile Include="..\..\Shared\Log.cpp">
      <Filter>Shared Files</Filter>
    </ClCompile>
    <ClCompile Include="..\..\Shared\StringHelper.cpp">
      <Filter>Shared Files</Filter>
    </ClCompile>
  </ItemGroup>
  <ItemGroup>
    <ClInclude Include="Telemetry.h">
      <Filter>Source Files</Filter>
    </ClInclude>
    <ClInclude Include="..\..\Shared\Defines.h">
      <Filter>Shared Files</Filter>
    </ClInclude>
    <ClInclude Include="..\..\Shared\Log.h">
      <Filter>Shared Files</Filter>
    </ClInclude>
    <ClInclude Include="..\..\Shared\PluginInterface.h">
      <Filter>Shared Files</Filter>
    </ClInclude>
    <ClInclude Include="..\..\Shared\StringHelper.h">
      <Filter>Shared Files</Filter>
    </ClInclude>
    <ClInclude Include="..\..\..\External\SharedMemoryACCS\SharedFileOut.h">
      <Filter>External Files</Filter>
    </ClInclude>
  </ItemGroup>
</Project>