<?xml version="1.0" encoding="utf-8"?>
<Project ToolsVersion="4.0" xmlns="http://schemas.microsoft.com/developer/msbuild/2003">
  <ItemGroup>
    <Filter Include="Source Files">
      <UniqueIdentifier>{4FC737F1-C7A5-4376-A066-2A32D752A2FF}</UniqueIdentifier>
      <Extensions>cpp;c;cc;cxx;c++;cppm;ixx;def;odl;idl;hpj;bat;asm;asmx</Extensions>
    </Filter>
    <Filter Include="Shared Files">
      <UniqueIdentifier>{0821d9ed-fb90-457a-9ee1-d6ec21151a88}</UniqueIdentifier>
    </Filter>
  </ItemGroup>
  <ItemGroup>
    <ClInclude Include="..\..\Shared\Log.h">
      <Filter>Shared Files</Filter>
    </ClInclude>
    <ClInclude Include="..\..\Shared\StringHelper.h">
      <Filter>Shared Files</Filter>
    </ClInclude>
    <ClInclude Include="..\..\Shared\PluginInterface.h">
      <Filter>Shared Files</Filter>
    </ClInclude>
  </ItemGroup>
  <ItemGroup>
    <ClCompile Include="..\..\Shared\Log.cpp">
      <Filter>Shared Files</Filter>
    </ClCompile>
    <ClCompile Include="Main.cpp">
      <Filter>Source Files</Filter>
    </ClCompile>
    <ClCompile Include="..\..\Shared\StringHelper.cpp">
      <Filter>Shared Files</Filter>
    </ClCompile>
  </ItemGroup>
</Project>