<?xml version="1.0" encoding="utf-8"?>
<Project ToolsVersion="4.0" xmlns="http://schemas.microsoft.com/developer/msbuild/2003">
  <ItemGroup>
    <Filter Include="Source Files">
      <UniqueIdentifier>{4FC737F1-C7A5-4376-A066-2A32D752A2FF}</UniqueIdentifier>
      <Extensions>cpp;c;cc;cxx;c++;cppm;ixx;def;odl;idl;hpj;bat;asm;asmx</Extensions>
    </Filter>
    <Filter Include="Shared Files">
      <UniqueIdentifier>{0821d9ed-fb90-457a-9ee1-d6ec21151a88}</UniqueIdentifier>
    </Filter>
    <Filter Include="External Files">
      <UniqueIdentifier>{2aa803c2-863e-4df9-bbff-54ca5a86b663}</UniqueIdentifier>
    </Filter>
    <Filter Include="External Files\irsdk">
      <UniqueIdentifier>{3bf5bceb-cc43-4d58-8a81-38bccfbd8541}</UniqueIdentifier>
    </Filter>
    <Filter Include="External Files\json">
      <UniqueIdentifier>{53cb3d44-133a-44db-aeb2-b06a4e0fa67e}</UniqueIdentifier>
    </Filter>
  </ItemGroup>
  <ItemGroup>
    <ClInclude Include="..\..\Shared\Log.h">
      <Filter>Shared Files</Filter>
    </ClInclude>
    <ClInclude Include="..\..\Shared\StringHelper.h">
      <Filter>Shared Files</Filter>
    </ClInclude>
    <ClInclude Include="..\..\Shared\PluginInterface.h">
      <Filter>Shared Files</Filter>
    </ClInclude>
    <ClInclude Include="..\..\Shared\Defines.h">
      <Filter>Shared Files</Filter>
    </ClInclude>
    <ClInclude Include="..\..\..\External\irsdk\irsdk_client.h">
      <Filter>External Files\irsdk</Filter>
    </ClInclude>
    <ClInclude Include="..\..\..\External\irsdk\irsdk_defines.h">
      <Filter>External Files\irsdk</Filter>
    </ClInclude>
    <ClInclude Include="..\..\..\External\irsdk\irsdk_diskclient.h">
      <Filter>External Files\irsdk</Filter>
    </ClInclude>
    <ClInclude Include="..\..\..\External\irsdk\yaml_parser.h">
      <Filter>External Files\irsdk</Filter>
    </ClInclude>
    <ClInclude Include="Telemetry.h">
      <Filter>Source Files</Filter>
    </ClInclude>
    <ClInclude Include="..\..\..\External\json\json.hpp">
      <Filter>External Files\json</Filter>
    </ClInclude>
    <ClInclude Include="..\..\..\External\json\json_fwd.hpp">
      <Filter>External Files\json</Filter>
    </ClInclude>
  </ItemGroup>
  <ItemGroup>
    <ClCompile Include="..\..\Shared\Log.cpp">
      <Filter>Shared Files</Filter>
    </ClCompile>
    <ClCompile Include="Main.cpp">
      <Filter>Source Files</Filter>
    </ClCompile>
    <ClCompile Include="..\..\Shared\StringHelper.cpp">
      <Filter>Shared Files</Filter>
    </ClCompile>
    <ClCompile Include="..\..\..\External\irsdk\irsdk_client.cpp">
      <Filter>External Files\irsdk</Filter>
    </ClCompile>
    <ClCompile Include="..\..\..\External\irsdk\irsdk_diskclient.cpp">
      <Filter>External Files\irsdk</Filter>
    </ClCompile>
    <ClCompile Include="..\..\..\External\irsdk\irsdk_utils.cpp">
      <Filter>External Files\irsdk</Filter>
    </ClCompile>
    <ClCompile Include="..\..\..\External\irsdk\yaml_parser.cpp">
      <Filter>External Files\irsdk</Filter>
    </ClCompile>
    <ClCompile Include="Telemetry.cpp">
      <Filter>Source Files</Filter>
    </ClCompile>
  </ItemGroup>
</Project>